
Microsoft Visual Studio Solution File, Format Version 12.00
# Visual Studio Version 16
VisualStudioVersion = 16.0.32510.428
MinimumVisualStudioVersion = 10.0.40219.1
Project("{FAE04EC0-301F-11D3-BF4B-00C04F79EFBC}") = "MonthlyProject(ADO.Net)", "MonthlyProject(ADO.Net)\MonthlyProject(ADO.Net).csproj", "{D02B4FE5-A9B9-4384-A553-29F69C6AE280}"
EndProject
Global
	GlobalSection(SolutionConfigurationPlatforms) = preSolution
		Debug|Any CPU = Debug|Any CPU
		Release|Any CPU = Release|Any CPU
	EndGlobalSection
	GlobalSection(ProjectConfigurationPlatforms) = postSolution
		{D02B4FE5-A9B9-4384-A553-29F69C6AE280}.Debug|Any CPU.ActiveCfg = Debug|Any CPU
		{D02B4FE5-A9B9-4384-A553-29F69C6AE280}.Debug|Any CPU.Build.0 = Debug|Any CPU
		{D02B4FE5-A9B9-4384-A553-29F69C6AE280}.Release|Any CPU.ActiveCfg = Release|Any CPU
		{D02B4FE5-A9B9-4384-A553-29F69C6AE280}.Release|Any CPU.Build.0 = Release|Any CPU
	EndGlobalSection
	GlobalSection(SolutionProperties) = preSolution
		HideSolutionNode = FALSE
	EndGlobalSection
	GlobalSection(ExtensibilityGlobals) = postSolution
		SolutionGuid = {F5A14A41-1B23-465D-8B31-D48A2F08A7E3}
	EndGlobalSection
EndGlobal
